
Microsoft Visual Studio Solution File, Format Version 12.00
# Visual Studio Version 17
VisualStudioVersion = 17.2.32630.192
MinimumVisualStudioVersion = 10.0.40219.1
Project("{9A19103F-16F7-4668-BE54-9A1E7A4F7556}") = "R5T.T0192.Construction", "R5T.T0192.Construction\R5T.T0192.Construction.csproj", "{D0E5D390-54E9-40B8-ADFB-EB7CC831DBBB}"
EndProject
Project("{9A19103F-16F7-4668-BE54-9A1E7A4F7556}") = "R5T.T0192", "R5T.T0192\R5T.T0192.csproj", "{1FA1BBB2-7893-4D66-BBED-B9DDA85A8ACB}"
EndProject
Project("{2150E333-8FDC-42A3-9474-1A3956D46DE8}") = "_Dependencies", "_Dependencies", "{BAC8F104-E933-4814-AAB8-5885836DDDA0}"
EndProject
Project("{9A19103F-16F7-4668-BE54-9A1E7A4F7556}") = "R5T.T0132", "..\..\R5T.T0132\source\R5T.T0132\R5T.T0132.csproj", "{3F2F6FAF-C220-4E4E-B45A-BE84090025B4}"
EndProject
Project("{9A19103F-16F7-4668-BE54-9A1E7A4F7556}") = "R5T.T0143", "..\..\R5T.T0143\source\R5T.T0143\R5T.T0143.csproj", "{A22AC74D-8ECC-4665-8558-AC26250DB63F}"
EndProject
Project("{9A19103F-16F7-4668-BE54-9A1E7A4F7556}") = "R5T.T0178", "..\..\R5T.T0178\source\R5T.T0178\R5T.T0178.csproj", "{6CE1C2C2-51BB-4B37-ACF6-B7B854DBC8DD}"
EndProject
Project("{9A19103F-16F7-4668-BE54-9A1E7A4F7556}") = "R5T.T0179", "..\..\R5T.T0179\source\R5T.T0179\R5T.T0179.csproj", "{5E0107F9-F811-46F4-B800-EFA4E7A14D62}"
EndProject
Project("{9A19103F-16F7-4668-BE54-9A1E7A4F7556}") = "R5T.T0180", "..\..\R5T.T0180\source\R5T.T0180\R5T.T0180.csproj", "{6F2C77E1-1DE1-466E-8F9B-AFFBC71D3064}"
EndProject
Project("{9A19103F-16F7-4668-BE54-9A1E7A4F7556}") = "R5T.T0189", "..\..\R5T.T0189\source\R5T.T0189\R5T.T0189.csproj", "{497FB599-AE59-47EA-87B7-0313E57CF2D5}"
EndProject
Project("{9A19103F-16F7-4668-BE54-9A1E7A4F7556}") = "R5T.T0190", "..\..\R5T.T0190\source\R5T.T0190\R5T.T0190.csproj", "{EA4D3D45-5B7C-4616-92C9-49550AF569F3}"
EndProject
Project("{9A19103F-16F7-4668-BE54-9A1E7A4F7556}") = "R5T.T0191", "..\..\R5T.T0191\source\R5T.T0191\R5T.T0191.csproj", "{20D71F06-C7E7-4031-ACA4-0463142DB92F}"
EndProject
Global
	GlobalSection(NestedProjects) = preSolution
		{3F2F6FAF-C220-4E4E-B45A-BE84090025B4} = {BAC8F104-E933-4814-AAB8-5885836DDDA0}
		{A22AC74D-8ECC-4665-8558-AC26250DB63F} = {BAC8F104-E933-4814-AAB8-5885836DDDA0}
		{6CE1C2C2-51BB-4B37-ACF6-B7B854DBC8DD} = {BAC8F104-E933-4814-AAB8-5885836DDDA0}
		{5E0107F9-F811-46F4-B800-EFA4E7A14D62} = {BAC8F104-E933-4814-AAB8-5885836DDDA0}
		{6F2C77E1-1DE1-466E-8F9B-AFFBC71D3064} = {BAC8F104-E933-4814-AAB8-5885836DDDA0}
		{497FB599-AE59-47EA-87B7-0313E57CF2D5} = {BAC8F104-E933-4814-AAB8-5885836DDDA0}
		{EA4D3D45-5B7C-4616-92C9-49550AF569F3} = {BAC8F104-E933-4814-AAB8-5885836DDDA0}
		{20D71F06-C7E7-4031-ACA4-0463142DB92F} = {BAC8F104-E933-4814-AAB8-5885836DDDA0}
	EndGlobalSection
	GlobalSection(SolutionConfigurationPlatforms) = preSolution
		Debug|Any CPU = Debug|Any CPU
		Release|Any CPU = Release|Any CPU
	EndGlobalSection
	GlobalSection(ProjectConfigurationPlatforms) = postSolution
		{D0E5D390-54E9-40B8-ADFB-EB7CC831DBBB}.Debug|Any CPU.ActiveCfg = Debug|Any CPU
		{D0E5D390-54E9-40B8-ADFB-EB7CC831DBBB}.Debug|Any CPU.Build.0 = Debug|Any CPU
		{D0E5D390-54E9-40B8-ADFB-EB7CC831DBBB}.Release|Any CPU.ActiveCfg = Release|Any CPU
		{D0E5D390-54E9-40B8-ADFB-EB7CC831DBBB}.Release|Any CPU.Build.0 = Release|Any CPU
		{1FA1BBB2-7893-4D66-BBED-B9DDA85A8ACB}.Debug|Any CPU.ActiveCfg = Debug|Any CPU
		{1FA1BBB2-7893-4D66-BBED-B9DDA85A8ACB}.Debug|Any CPU.Build.0 = Debug|Any CPU
		{1FA1BBB2-7893-4D66-BBED-B9DDA85A8ACB}.Release|Any CPU.ActiveCfg = Release|Any CPU
		{1FA1BBB2-7893-4D66-BBED-B9DDA85A8ACB}.Release|Any CPU.Build.0 = Release|Any CPU
		{3F2F6FAF-C220-4E4E-B45A-BE84090025B4}.Debug|Any CPU.ActiveCfg = Debug|Any CPU
		{3F2F6FAF-C220-4E4E-B45A-BE84090025B4}.Debug|Any CPU.Build.0 = Debug|Any CPU
		{3F2F6FAF-C220-4E4E-B45A-BE84090025B4}.Release|Any CPU.ActiveCfg = Release|Any CPU
		{3F2F6FAF-C220-4E4E-B45A-BE84090025B4}.Release|Any CPU.Build.0 = Release|Any CPU
		{A22AC74D-8ECC-4665-8558-AC26250DB63F}.Debug|Any CPU.ActiveCfg = Debug|Any CPU
		{A22AC74D-8ECC-4665-8558-AC26250DB63F}.Debug|Any CPU.Build.0 = Debug|Any CPU
		{A22AC74D-8ECC-4665-8558-AC26250DB63F}.Release|Any CPU.ActiveCfg = Release|Any CPU
		{A22AC74D-8ECC-4665-8558-AC26250DB63F}.Release|Any CPU.Build.0 = Release|Any CPU
		{6CE1C2C2-51BB-4B37-ACF6-B7B854DBC8DD}.Debug|Any CPU.ActiveCfg = Debug|Any CPU
		{6CE1C2C2-51BB-4B37-ACF6-B7B854DBC8DD}.Debug|Any CPU.Build.0 = Debug|Any CPU
		{6CE1C2C2-51BB-4B37-ACF6-B7B854DBC8DD}.Release|Any CPU.ActiveCfg = Release|Any CPU
		{6CE1C2C2-51BB-4B37-ACF6-B7B854DBC8DD}.Release|Any CPU.Build.0 = Release|Any CPU
		{5E0107F9-F811-46F4-B800-EFA4E7A14D62}.Debug|Any CPU.ActiveCfg = Debug|Any CPU
		{5E0107F9-F811-46F4-B800-EFA4E7A14D62}.Debug|Any CPU.Build.0 = Debug|Any CPU
		{5E0107F9-F811-46F4-B800-EFA4E7A14D62}.Release|Any CPU.ActiveCfg = Release|Any CPU
		{5E0107F9-F811-46F4-B800-EFA4E7A14D62}.Release|Any CPU.Build.0 = Release|Any CPU
		{6F2C77E1-1DE1-466E-8F9B-AFFBC71D3064}.Debug|Any CPU.ActiveCfg = Debug|Any CPU
		{6F2C77E1-1DE1-466E-8F9B-AFFBC71D3064}.Debug|Any CPU.Build.0 = Debug|Any CPU
		{6F2C77E1-1DE1-466E-8F9B-AFFBC71D3064}.Release|Any CPU.ActiveCfg = Release|Any CPU
		{6F2C77E1-1DE1-466E-8F9B-AFFBC71D3064}.Release|Any CPU.Build.0 = Release|Any CPU
		{497FB599-AE59-47EA-87B7-0313E57CF2D5}.Debug|Any CPU.ActiveCfg = Debug|Any CPU
		{497FB599-AE59-47EA-87B7-0313E57CF2D5}.Debug|Any CPU.Build.0 = Debug|Any CPU
		{497FB599-AE59-47EA-87B7-0313E57CF2D5}.Release|Any CPU.ActiveCfg = Release|Any CPU
		{497FB599-AE59-47EA-87B7-0313E57CF2D5}.Release|Any CPU.Build.0 = Release|Any CPU
		{EA4D3D45-5B7C-4616-92C9-49550AF569F3}.Debug|Any CPU.ActiveCfg = Debug|Any CPU
		{EA4D3D45-5B7C-4616-92C9-49550AF569F3}.Debug|Any CPU.Build.0 = Debug|Any CPU
		{EA4D3D45-5B7C-4616-92C9-49550AF569F3}.Release|Any CPU.ActiveCfg = Release|Any CPU
		{EA4D3D45-5B7C-4616-92C9-49550AF569F3}.Release|Any CPU.Build.0 = Release|Any CPU
		{20D71F06-C7E7-4031-ACA4-0463142DB92F}.Debug|Any CPU.ActiveCfg = Debug|Any CPU
		{20D71F06-C7E7-4031-ACA4-0463142DB92F}.Debug|Any CPU.Build.0 = Debug|Any CPU
		{20D71F06-C7E7-4031-ACA4-0463142DB92F}.Release|Any CPU.ActiveCfg = Release|Any CPU
		{20D71F06-C7E7-4031-ACA4-0463142DB92F}.Release|Any CPU.Build.0 = Release|Any CPU
	EndGlobalSection
	GlobalSection(SolutionProperties) = preSolution
		HideSolutionNode = FALSE
	EndGlobalSection
	GlobalSection(ExtensibilityGlobals) = postSolution
		SolutionGuid = {48714F0C-21A8-4368-BDD5-D8B840453866}
	EndGlobalSection
EndGlobal
