
Microsoft Visual Studio Solution File, Format Version 12.00
# Visual Studio Version 17
VisualStudioVersion = 17.2.32630.192
MinimumVisualStudioVersion = 10.0.40219.1
Project("{9A19103F-16F7-4668-BE54-9A1E7A4F7556}") = "R5T.T0192", "R5T.T0192\R5T.T0192.csproj", "{6CE13A62-3B0E-4FEC-BB9A-CD342950F536}"
EndProject
Project("{2150E333-8FDC-42A3-9474-1A3956D46DE8}") = "_Dependencies", "_Dependencies", "{EB2ACF42-A77A-4CF5-8325-FE40EC2717BA}"
EndProject
Project("{9A19103F-16F7-4668-BE54-9A1E7A4F7556}") = "R5T.T0132", "..\..\R5T.T0132\source\R5T.T0132\R5T.T0132.csproj", "{D095DC11-F139-426C-9B5C-B865FA37E373}"
EndProject
Project("{9A19103F-16F7-4668-BE54-9A1E7A4F7556}") = "R5T.T0143", "..\..\R5T.T0143\source\R5T.T0143\R5T.T0143.csproj", "{7ABC04C1-A1FB-4248-97B9-9F6565D9A9C4}"
EndProject
Project("{9A19103F-16F7-4668-BE54-9A1E7A4F7556}") = "R5T.T0178", "..\..\R5T.T0178\source\R5T.T0178\R5T.T0178.csproj", "{053955DF-7DEA-46C8-98A0-B4EF71FFEDC6}"
EndProject
Project("{9A19103F-16F7-4668-BE54-9A1E7A4F7556}") = "R5T.T0179", "..\..\R5T.T0179\source\R5T.T0179\R5T.T0179.csproj", "{887DE501-3071-41FD-A7BF-36C25D820A09}"
EndProject
Project("{9A19103F-16F7-4668-BE54-9A1E7A4F7556}") = "R5T.T0180", "..\..\R5T.T0180\source\R5T.T0180\R5T.T0180.csproj", "{9DD82149-D2A7-4B71-B986-0378767E58F6}"
EndProject
Project("{9A19103F-16F7-4668-BE54-9A1E7A4F7556}") = "R5T.T0189", "..\..\R5T.T0189\source\R5T.T0189\R5T.T0189.csproj", "{9E150F82-1F9E-4AC1-9915-1790BEEEEC6B}"
EndProject
Project("{9A19103F-16F7-4668-BE54-9A1E7A4F7556}") = "R5T.T0190", "..\..\R5T.T0190\source\R5T.T0190\R5T.T0190.csproj", "{6EB86D4C-32C0-4BD7-95B4-8119B8A8BD30}"
EndProject
Project("{9A19103F-16F7-4668-BE54-9A1E7A4F7556}") = "R5T.T0191", "..\..\R5T.T0191\source\R5T.T0191\R5T.T0191.csproj", "{D9CF4098-E569-493B-86DB-0C42029C42AA}"
EndProject
Global
	GlobalSection(NestedProjects) = preSolution
		{D095DC11-F139-426C-9B5C-B865FA37E373} = {EB2ACF42-A77A-4CF5-8325-FE40EC2717BA}
		{7ABC04C1-A1FB-4248-97B9-9F6565D9A9C4} = {EB2ACF42-A77A-4CF5-8325-FE40EC2717BA}
		{053955DF-7DEA-46C8-98A0-B4EF71FFEDC6} = {EB2ACF42-A77A-4CF5-8325-FE40EC2717BA}
		{887DE501-3071-41FD-A7BF-36C25D820A09} = {EB2ACF42-A77A-4CF5-8325-FE40EC2717BA}
		{9DD82149-D2A7-4B71-B986-0378767E58F6} = {EB2ACF42-A77A-4CF5-8325-FE40EC2717BA}
		{9E150F82-1F9E-4AC1-9915-1790BEEEEC6B} = {EB2ACF42-A77A-4CF5-8325-FE40EC2717BA}
		{6EB86D4C-32C0-4BD7-95B4-8119B8A8BD30} = {EB2ACF42-A77A-4CF5-8325-FE40EC2717BA}
		{D9CF4098-E569-493B-86DB-0C42029C42AA} = {EB2ACF42-A77A-4CF5-8325-FE40EC2717BA}
	EndGlobalSection
	GlobalSection(SolutionConfigurationPlatforms) = preSolution
		Debug|Any CPU = Debug|Any CPU
		Release|Any CPU = Release|Any CPU
	EndGlobalSection
	GlobalSection(ProjectConfigurationPlatforms) = postSolution
		{6CE13A62-3B0E-4FEC-BB9A-CD342950F536}.Debug|Any CPU.ActiveCfg = Debug|Any CPU
		{6CE13A62-3B0E-4FEC-BB9A-CD342950F536}.Debug|Any CPU.Build.0 = Debug|Any CPU
		{6CE13A62-3B0E-4FEC-BB9A-CD342950F536}.Release|Any CPU.ActiveCfg = Release|Any CPU
		{6CE13A62-3B0E-4FEC-BB9A-CD342950F536}.Release|Any CPU.Build.0 = Release|Any CPU
		{D095DC11-F139-426C-9B5C-B865FA37E373}.Debug|Any CPU.ActiveCfg = Debug|Any CPU
		{D095DC11-F139-426C-9B5C-B865FA37E373}.Debug|Any CPU.Build.0 = Debug|Any CPU
		{D095DC11-F139-426C-9B5C-B865FA37E373}.Release|Any CPU.ActiveCfg = Release|Any CPU
		{D095DC11-F139-426C-9B5C-B865FA37E373}.Release|Any CPU.Build.0 = Release|Any CPU
		{7ABC04C1-A1FB-4248-97B9-9F6565D9A9C4}.Debug|Any CPU.ActiveCfg = Debug|Any CPU
		{7ABC04C1-A1FB-4248-97B9-9F6565D9A9C4}.Debug|Any CPU.Build.0 = Debug|Any CPU
		{7ABC04C1-A1FB-4248-97B9-9F6565D9A9C4}.Release|Any CPU.ActiveCfg = Release|Any CPU
		{7ABC04C1-A1FB-4248-97B9-9F6565D9A9C4}.Release|Any CPU.Build.0 = Release|Any CPU
		{053955DF-7DEA-46C8-98A0-B4EF71FFEDC6}.Debug|Any CPU.ActiveCfg = Debug|Any CPU
		{053955DF-7DEA-46C8-98A0-B4EF71FFEDC6}.Debug|Any CPU.Build.0 = Debug|Any CPU
		{053955DF-7DEA-46C8-98A0-B4EF71FFEDC6}.Release|Any CPU.ActiveCfg = Release|Any CPU
		{053955DF-7DEA-46C8-98A0-B4EF71FFEDC6}.Release|Any CPU.Build.0 = Release|Any CPU
		{887DE501-3071-41FD-A7BF-36C25D820A09}.Debug|Any CPU.ActiveCfg = Debug|Any CPU
		{887DE501-3071-41FD-A7BF-36C25D820A09}.Debug|Any CPU.Build.0 = Debug|Any CPU
		{887DE501-3071-41FD-A7BF-36C25D820A09}.Release|Any CPU.ActiveCfg = Release|Any CPU
		{887DE501-3071-41FD-A7BF-36C25D820A09}.Release|Any CPU.Build.0 = Release|Any CPU
		{9DD82149-D2A7-4B71-B986-0378767E58F6}.Debug|Any CPU.ActiveCfg = Debug|Any CPU
		{9DD82149-D2A7-4B71-B986-0378767E58F6}.Debug|Any CPU.Build.0 = Debug|Any CPU
		{9DD82149-D2A7-4B71-B986-0378767E58F6}.Release|Any CPU.ActiveCfg = Release|Any CPU
		{9DD82149-D2A7-4B71-B986-0378767E58F6}.Release|Any CPU.Build.0 = Release|Any CPU
		{9E150F82-1F9E-4AC1-9915-1790BEEEEC6B}.Debug|Any CPU.ActiveCfg = Debug|Any CPU
		{9E150F82-1F9E-4AC1-9915-1790BEEEEC6B}.Debug|Any CPU.Build.0 = Debug|Any CPU
		{9E150F82-1F9E-4AC1-9915-1790BEEEEC6B}.Release|Any CPU.ActiveCfg = Release|Any CPU
		{9E150F82-1F9E-4AC1-9915-1790BEEEEC6B}.Release|Any CPU.Build.0 = Release|Any CPU
		{6EB86D4C-32C0-4BD7-95B4-8119B8A8BD30}.Debug|Any CPU.ActiveCfg = Debug|Any CPU
		{6EB86D4C-32C0-4BD7-95B4-8119B8A8BD30}.Debug|Any CPU.Build.0 = Debug|Any CPU
		{6EB86D4C-32C0-4BD7-95B4-8119B8A8BD30}.Release|Any CPU.ActiveCfg = Release|Any CPU
		{6EB86D4C-32C0-4BD7-95B4-8119B8A8BD30}.Release|Any CPU.Build.0 = Release|Any CPU
		{D9CF4098-E569-493B-86DB-0C42029C42AA}.Debug|Any CPU.ActiveCfg = Debug|Any CPU
		{D9CF4098-E569-493B-86DB-0C42029C42AA}.Debug|Any CPU.Build.0 = Debug|Any CPU
		{D9CF4098-E569-493B-86DB-0C42029C42AA}.Release|Any CPU.ActiveCfg = Release|Any CPU
		{D9CF4098-E569-493B-86DB-0C42029C42AA}.Release|Any CPU.Build.0 = Release|Any CPU
	EndGlobalSection
	GlobalSection(SolutionProperties) = preSolution
		HideSolutionNode = FALSE
	EndGlobalSection
	GlobalSection(ExtensibilityGlobals) = postSolution
		SolutionGuid = {A34CA597-9C57-4408-A7FC-B77F8EF1CFB0}
	EndGlobalSection
EndGlobal
